// !$*UTF8*$!
{
	archiveVersion = 1;
	classes = {
	};
	objectVersion = 46;
	objects = {

/* Begin PBXBuildFile section */
		64105EF61A0D59CB0085BCEE /* UIImage+AA.swift in Sources */ = {isa = PBXBuildFile; fileRef = 64105EF51A0D59CB0085BCEE /* UIImage+AA.swift */; };
		64BF450F1A07C956001A4EDC /* MapKit.framework in Frameworks */ = {isa = PBXBuildFile; fileRef = 64BF450E1A07C956001A4EDC /* MapKit.framework */; };
		64BF45111A07CA77001A4EDC /* MapViewController.swift in Sources */ = {isa = PBXBuildFile; fileRef = 64BF45101A07CA77001A4EDC /* MapViewController.swift */; };
		64C1B74B19F5816B00E334F0 /* AppDelegate.swift in Sources */ = {isa = PBXBuildFile; fileRef = 64C1B74A19F5816B00E334F0 /* AppDelegate.swift */; };
		64C1B74D19F5816B00E334F0 /* CurrentLocationViewController.swift in Sources */ = {isa = PBXBuildFile; fileRef = 64C1B74C19F5816B00E334F0 /* CurrentLocationViewController.swift */; };
		64C1B75219F5816B00E334F0 /* Main.storyboard in Resources */ = {isa = PBXBuildFile; fileRef = 64C1B75019F5816B00E334F0 /* Main.storyboard */; };
		64C1B75419F5816B00E334F0 /* Images.xcassets in Resources */ = {isa = PBXBuildFile; fileRef = 64C1B75319F5816B00E334F0 /* Images.xcassets */; };
		64C1B75719F5816B00E334F0 /* LaunchScreen.xib in Resources */ = {isa = PBXBuildFile; fileRef = 64C1B75519F5816B00E334F0 /* LaunchScreen.xib */; };
		64C1B76319F5816C00E334F0 /* MyLocationsTests.swift in Sources */ = {isa = PBXBuildFile; fileRef = 64C1B76219F5816C00E334F0 /* MyLocationsTests.swift */; };
		64CCD77B19FE84260079CD4E /* LocationDetailsViewController.swift in Sources */ = {isa = PBXBuildFile; fileRef = 64CCD77A19FE84260079CD4E /* LocationDetailsViewController.swift */; };
		64CCD77D19FFCCCD0079CD4E /* CategoryPickerViewController.swift in Sources */ = {isa = PBXBuildFile; fileRef = 64CCD77C19FFCCCC0079CD4E /* CategoryPickerViewController.swift */; };
		64CCD77F1A0024760079CD4E /* HudView.swift in Sources */ = {isa = PBXBuildFile; fileRef = 64CCD77E1A0024760079CD4E /* HudView.swift */; };
		64CCD7811A0141870079CD4E /* Functions.swift in Sources */ = {isa = PBXBuildFile; fileRef = 64CCD7801A0141870079CD4E /* Functions.swift */; };
		64CCD7841A016E8A0079CD4E /* DataModel.xcdatamodeld in Sources */ = {isa = PBXBuildFile; fileRef = 64CCD7821A016E8A0079CD4E /* DataModel.xcdatamodeld */; };
		64CCD7861A0171A40079CD4E /* Location.swift in Sources */ = {isa = PBXBuildFile; fileRef = 64CCD7851A0171A40079CD4E /* Location.swift */; };
		64CCD78A1A02D3660079CD4E /* LocationsViewController.swift in Sources */ = {isa = PBXBuildFile; fileRef = 64CCD7891A02D3660079CD4E /* LocationsViewController.swift */; };
		64CCD78C1A02E1120079CD4E /* LocationCell.swift in Sources */ = {isa = PBXBuildFile; fileRef = 64CCD78B1A02E1120079CD4E /* LocationCell.swift */; };
/* End PBXBuildFile section */

/* Begin PBXContainerItemProxy section */
		64C1B75D19F5816C00E334F0 /* PBXContainerItemProxy */ = {
			isa = PBXContainerItemProxy;
			containerPortal = 64C1B73D19F5816B00E334F0 /* Project object */;
			proxyType = 1;
			remoteGlobalIDString = 64C1B74419F5816B00E334F0;
			remoteInfo = MyLocations;
		};
/* End PBXContainerItemProxy section */

/* Begin PBXFileReference section */
		64105EF51A0D59CB0085BCEE /* UIImage+AA.swift */ = {isa = PBXFileReference; fileEncoding = 4; lastKnownFileType = sourcecode.swift; path = "UIImage+AA.swift"; sourceTree = "<group>"; };
		64BF450E1A07C956001A4EDC /* MapKit.framework */ = {isa = PBXFileReference; lastKnownFileType = wrapper.framework; name = MapKit.framework; path = System/Library/Frameworks/MapKit.framework; sourceTree = SDKROOT; };
		64BF45101A07CA77001A4EDC /* MapViewController.swift */ = {isa = PBXFileReference; fileEncoding = 4; lastKnownFileType = sourcecode.swift; path = MapViewController.swift; sourceTree = "<group>"; };
		64C1B74519F5816B00E334F0 /* MyLocations.app */ = {isa = PBXFileReference; explicitFileType = wrapper.application; includeInIndex = 0; path = MyLocations.app; sourceTree = BUILT_PRODUCTS_DIR; };
		64C1B74919F5816B00E334F0 /* Info.plist */ = {isa = PBXFileReference; lastKnownFileType = text.plist.xml; path = Info.plist; sourceTree = "<group>"; };
		64C1B74A19F5816B00E334F0 /* AppDelegate.swift */ = {isa = PBXFileReference; lastKnownFileType = sourcecode.swift; path = AppDelegate.swift; sourceTree = "<group>"; };
		64C1B74C19F5816B00E334F0 /* CurrentLocationViewController.swift */ = {isa = PBXFileReference; lastKnownFileType = sourcecode.swift; path = CurrentLocationViewController.swift; sourceTree = "<group>"; };
		64C1B75119F5816B00E334F0 /* Base */ = {isa = PBXFileReference; lastKnownFileType = file.storyboard; name = Base; path = Base.lproj/Main.storyboard; sourceTree = "<group>"; };
		64C1B75319F5816B00E334F0 /* Images.xcassets */ = {isa = PBXFileReference; lastKnownFileType = folder.assetcatalog; path = Images.xcassets; sourceTree = "<group>"; };
		64C1B75619F5816B00E334F0 /* Base */ = {isa = PBXFileReference; lastKnownFileType = file.xib; name = Base; path = Base.lproj/LaunchScreen.xib; sourceTree = "<group>"; };
		64C1B75C19F5816C00E334F0 /* MyLocationsTests.xctest */ = {isa = PBXFileReference; explicitFileType = wrapper.cfbundle; includeInIndex = 0; path = MyLocationsTests.xctest; sourceTree = BUILT_PRODUCTS_DIR; };
		64C1B76119F5816C00E334F0 /* Info.plist */ = {isa = PBXFileReference; lastKnownFileType = text.plist.xml; path = Info.plist; sourceTree = "<group>"; };
		64C1B76219F5816C00E334F0 /* MyLocationsTests.swift */ = {isa = PBXFileReference; lastKnownFileType = sourcecode.swift; path = MyLocationsTests.swift; sourceTree = "<group>"; };
		64CCD77A19FE84260079CD4E /* LocationDetailsViewController.swift */ = {isa = PBXFileReference; fileEncoding = 4; lastKnownFileType = sourcecode.swift; path = LocationDetailsViewController.swift; sourceTree = "<group>"; };
		64CCD77C19FFCCCC0079CD4E /* CategoryPickerViewController.swift */ = {isa = PBXFileReference; fileEncoding = 4; lastKnownFileType = sourcecode.swift; path = CategoryPickerViewController.swift; sourceTree = "<group>"; };
		64CCD77E1A0024760079CD4E /* HudView.swift */ = {isa = PBXFileReference; fileEncoding = 4; lastKnownFileType = sourcecode.swift; path = HudView.swift; sourceTree = "<group>"; };
		64CCD7801A0141870079CD4E /* Functions.swift */ = {isa = PBXFileReference; fileEncoding = 4; lastKnownFileType = sourcecode.swift; path = Functions.swift; sourceTree = "<group>"; };
		64CCD7831A016E8A0079CD4E /* DataModel.xcdatamodel */ = {isa = PBXFileReference; lastKnownFileType = wrapper.xcdatamodel; path = DataModel.xcdatamodel; sourceTree = "<group>"; };
		64CCD7851A0171A40079CD4E /* Location.swift */ = {isa = PBXFileReference; fileEncoding = 4; lastKnownFileType = sourcecode.swift; path = Location.swift; sourceTree = "<group>"; };
		64CCD7891A02D3660079CD4E /* LocationsViewController.swift */ = {isa = PBXFileReference; fileEncoding = 4; lastKnownFileType = sourcecode.swift; path = LocationsViewController.swift; sourceTree = "<group>"; };
		64CCD78B1A02E1120079CD4E /* LocationCell.swift */ = {isa = PBXFileReference; fileEncoding = 4; lastKnownFileType = sourcecode.swift; path = LocationCell.swift; sourceTree = "<group>"; };
/* End PBXFileReference section */

/* Begin PBXFrameworksBuildPhase section */
		64C1B74219F5816B00E334F0 /* Frameworks */ = {
			isa = PBXFrameworksBuildPhase;
			buildActionMask = 2147483647;
			files = (
				64BF450F1A07C956001A4EDC /* MapKit.framework in Frameworks */,
			);
			runOnlyForDeploymentPostprocessing = 0;
		};
		64C1B75919F5816C00E334F0 /* Frameworks */ = {
			isa = PBXFrameworksBuildPhase;
			buildActionMask = 2147483647;
			files = (
			);
			runOnlyForDeploymentPostprocessing = 0;
		};
/* End PBXFrameworksBuildPhase section */

/* Begin PBXGroup section */
		64C1B73C19F5816B00E334F0 = {
			isa = PBXGroup;
			children = (
				64BF450E1A07C956001A4EDC /* MapKit.framework */,
				64C1B74719F5816B00E334F0 /* MyLocations */,
				64C1B75F19F5816C00E334F0 /* MyLocationsTests */,
				64C1B74619F5816B00E334F0 /* Products */,
			);
			sourceTree = "<group>";
		};
		64C1B74619F5816B00E334F0 /* Products */ = {
			isa = PBXGroup;
			children = (
				64C1B74519F5816B00E334F0 /* MyLocations.app */,
				64C1B75C19F5816C00E334F0 /* MyLocationsTests.xctest */,
			);
			name = Products;
			sourceTree = "<group>";
		};
		64C1B74719F5816B00E334F0 /* MyLocations */ = {
			isa = PBXGroup;
			children = (
				64C1B74A19F5816B00E334F0 /* AppDelegate.swift */,
				64CCD7801A0141870079CD4E /* Functions.swift */,
				64105EF51A0D59CB0085BCEE /* UIImage+AA.swift */,
				64CCD7821A016E8A0079CD4E /* DataModel.xcdatamodeld */,
				64CCD7851A0171A40079CD4E /* Location.swift */,
				64C1B75019F5816B00E334F0 /* Main.storyboard */,
				64C1B74C19F5816B00E334F0 /* CurrentLocationViewController.swift */,
				64CCD7891A02D3660079CD4E /* LocationsViewController.swift */,
				64CCD78B1A02E1120079CD4E /* LocationCell.swift */,
				64CCD77A19FE84260079CD4E /* LocationDetailsViewController.swift */,
				64CCD77C19FFCCCC0079CD4E /* CategoryPickerViewController.swift */,
				64CCD77E1A0024760079CD4E /* HudView.swift */,
				64BF45101A07CA77001A4EDC /* MapViewController.swift */,
				64C1B75319F5816B00E334F0 /* Images.xcassets */,
				64C1B75519F5816B00E334F0 /* LaunchScreen.xib */,
				64C1B74819F5816B00E334F0 /* Supporting Files */,
			);
			path = MyLocations;
			sourceTree = "<group>";
		};
		64C1B74819F5816B00E334F0 /* Supporting Files */ = {
			isa = PBXGroup;
			children = (
				64C1B74919F5816B00E334F0 /* Info.plist */,
			);
			name = "Supporting Files";
			sourceTree = "<group>";
		};
		64C1B75F19F5816C00E334F0 /* MyLocationsTests */ = {
			isa = PBXGroup;
			children = (
				64C1B76219F5816C00E334F0 /* MyLocationsTests.swift */,
				64C1B76019F5816C00E334F0 /* Supporting Files */,
			);
			path = MyLocationsTests;
			sourceTree = "<group>";
		};
		64C1B76019F5816C00E334F0 /* Supporting Files */ = {
			isa = PBXGroup;
			children = (
				64C1B76119F5816C00E334F0 /* Info.plist */,
			);
			name = "Supporting Files";
			sourceTree = "<group>";
		};
/* End PBXGroup section */

/* Begin PBXNativeTarget section */
		64C1B74419F5816B00E334F0 /* MyLocations */ = {
			isa = PBXNativeTarget;
			buildConfigurationList = 64C1B76619F5816C00E334F0 /* Build configuration list for PBXNativeTarget "MyLocations" */;
			buildPhases = (
				64C1B74119F5816B00E334F0 /* Sources */,
				64C1B74219F5816B00E334F0 /* Frameworks */,
				64C1B74319F5816B00E334F0 /* Resources */,
			);
			buildRules = (
			);
			dependencies = (
			);
			name = MyLocations;
			productName = MyLocations;
			productReference = 64C1B74519F5816B00E334F0 /* MyLocations.app */;
			productType = "com.apple.product-type.application";
		};
		64C1B75B19F5816C00E334F0 /* MyLocationsTests */ = {
			isa = PBXNativeTarget;
			buildConfigurationList = 64C1B76919F5816C00E334F0 /* Build configuration list for PBXNativeTarget "MyLocationsTests" */;
			buildPhases = (
				64C1B75819F5816C00E334F0 /* Sources */,
				64C1B75919F5816C00E334F0 /* Frameworks */,
				64C1B75A19F5816C00E334F0 /* Resources */,
			);
			buildRules = (
			);
			dependencies = (
				64C1B75E19F5816C00E334F0 /* PBXTargetDependency */,
			);
			name = MyLocationsTests;
			productName = MyLocationsTests;
			productReference = 64C1B75C19F5816C00E334F0 /* MyLocationsTests.xctest */;
			productType = "com.apple.product-type.bundle.unit-test";
		};
/* End PBXNativeTarget section */

/* Begin PBXProject section */
		64C1B73D19F5816B00E334F0 /* Project object */ = {
			isa = PBXProject;
			attributes = {
				LastUpgradeCheck = 0600;
				ORGANIZATIONNAME = "Anros Applications, LLC";
				TargetAttributes = {
					64C1B74419F5816B00E334F0 = {
						CreatedOnToolsVersion = 6.0.1;
					};
					64C1B75B19F5816C00E334F0 = {
						CreatedOnToolsVersion = 6.0.1;
						TestTargetID = 64C1B74419F5816B00E334F0;
					};
				};
			};
			buildConfigurationList = 64C1B74019F5816B00E334F0 /* Build configuration list for PBXProject "MyLocations" */;
			compatibilityVersion = "Xcode 3.2";
			developmentRegion = English;
			hasScannedForEncodings = 0;
			knownRegions = (
				en,
				Base,
			);
			mainGroup = 64C1B73C19F5816B00E334F0;
			productRefGroup = 64C1B74619F5816B00E334F0 /* Products */;
			projectDirPath = "";
			projectRoot = "";
			targets = (
				64C1B74419F5816B00E334F0 /* MyLocations */,
				64C1B75B19F5816C00E334F0 /* MyLocationsTests */,
			);
		};
/* End PBXProject section */

/* Begin PBXResourcesBuildPhase section */
		64C1B74319F5816B00E334F0 /* Resources */ = {
			isa = PBXResourcesBuildPhase;
			buildActionMask = 2147483647;
			files = (
				64C1B75219F5816B00E334F0 /* Main.storyboard in Resources */,
				64C1B75719F5816B00E334F0 /* LaunchScreen.xib in Resources */,
				64C1B75419F5816B00E334F0 /* Images.xcassets in Resources */,
			);
			runOnlyForDeploymentPostprocessing = 0;
		};
		64C1B75A19F5816C00E334F0 /* Resources */ = {
			isa = PBXResourcesBuildPhase;
			buildActionMask = 2147483647;
			files = (
			);
			runOnlyForDeploymentPostprocessing = 0;
		};
/* End PBXResourcesBuildPhase section */

/* Begin PBXSourcesBuildPhase section */
		64C1B74119F5816B00E334F0 /* Sources */ = {
			isa = PBXSourcesBuildPhase;
			buildActionMask = 2147483647;
			files = (
				64CCD77B19FE84260079CD4E /* LocationDetailsViewController.swift in Sources */,
				64CCD78A1A02D3660079CD4E /* LocationsViewController.swift in Sources */,
				64CCD7841A016E8A0079CD4E /* DataModel.xcdatamodeld in Sources */,
				64CCD77F1A0024760079CD4E /* HudView.swift in Sources */,
				64CCD7811A0141870079CD4E /* Functions.swift in Sources */,
				64CCD78C1A02E1120079CD4E /* LocationCell.swift in Sources */,
				64BF45111A07CA77001A4EDC /* MapViewController.swift in Sources */,
				64C1B74B19F5816B00E334F0 /* AppDelegate.swift in Sources */,
				64CCD77D19FFCCCD0079CD4E /* CategoryPickerViewController.swift in Sources */,
				64105EF61A0D59CB0085BCEE /* UIImage+AA.swift in Sources */,
				64CCD7861A0171A40079CD4E /* Location.swift in Sources */,
				64C1B74D19F5816B00E334F0 /* CurrentLocationViewController.swift in Sources */,
			);
			runOnlyForDeploymentPostprocessing = 0;
		};
		64C1B75819F5816C00E334F0 /* Sources */ = {
			isa = PBXSourcesBuildPhase;
			buildActionMask = 2147483647;
			files = (
				64C1B76319F5816C00E334F0 /* MyLocationsTests.swift in Sources */,
			);
			runOnlyForDeploymentPostprocessing = 0;
		};
/* End PBXSourcesBuildPhase section */

/* Begin PBXTargetDependency section */
		64C1B75E19F5816C00E334F0 /* PBXTargetDependency */ = {
			isa = PBXTargetDependency;
			target = 64C1B74419F5816B00E334F0 /* MyLocations */;
			targetProxy = 64C1B75D19F5816C00E334F0 /* PBXContainerItemProxy */;
		};
/* End PBXTargetDependency section */

/* Begin PBXVariantGroup section */
		64C1B75019F5816B00E334F0 /* Main.storyboard */ = {
			isa = PBXVariantGroup;
			children = (
				64C1B75119F5816B00E334F0 /* Base */,
			);
			name = Main.storyboard;
			sourceTree = "<group>";
		};
		64C1B75519F5816B00E334F0 /* LaunchScreen.xib */ = {
			isa = PBXVariantGroup;
			children = (
				64C1B75619F5816B00E334F0 /* Base */,
			);
			name = LaunchScreen.xib;
			sourceTree = "<group>";
		};
/* End PBXVariantGroup section */

/* Begin XCBuildConfiguration section */
		64C1B76419F5816C00E334F0 /* Debug */ = {
			isa = XCBuildConfiguration;
			buildSettings = {
				ALWAYS_SEARCH_USER_PATHS = NO;
				CLANG_CXX_LANGUAGE_STANDARD = "gnu++0x";
				CLANG_CXX_LIBRARY = "libc++";
				CLANG_ENABLE_MODULES = YES;
				CLANG_ENABLE_OBJC_ARC = YES;
				CLANG_WARN_BOOL_CONVERSION = YES;
				CLANG_WARN_CONSTANT_CONVERSION = YES;
				CLANG_WARN_DIRECT_OBJC_ISA_USAGE = YES_ERROR;
				CLANG_WARN_EMPTY_BODY = YES;
				CLANG_WARN_ENUM_CONVERSION = YES;
				CLANG_WARN_INT_CONVERSION = YES;
				CLANG_WARN_OBJC_ROOT_CLASS = YES_ERROR;
				CLANG_WARN_UNREACHABLE_CODE = YES;
				CLANG_WARN__DUPLICATE_METHOD_MATCH = YES;
				"CODE_SIGN_IDENTITY[sdk=iphoneos*]" = "iPhone Developer";
				COPY_PHASE_STRIP = NO;
				ENABLE_STRICT_OBJC_MSGSEND = YES;
				GCC_C_LANGUAGE_STANDARD = gnu99;
				GCC_DYNAMIC_NO_PIC = NO;
				GCC_OPTIMIZATION_LEVEL = 0;
				GCC_PREPROCESSOR_DEFINITIONS = (
					"DEBUG=1",
					"$(inherited)",
				);
				GCC_SYMBOLS_PRIVATE_EXTERN = NO;
				GCC_WARN_64_TO_32_BIT_CONVERSION = YES;
				GCC_WARN_ABOUT_RETURN_TYPE = YES_ERROR;
				GCC_WARN_UNDECLARED_SELECTOR = YES;
				GCC_WARN_UNINITIALIZED_AUTOS = YES_AGGRESSIVE;
				GCC_WARN_UNUSED_FUNCTION = YES;
				GCC_WARN_UNUSED_VARIABLE = YES;
				IPHONEOS_DEPLOYMENT_TARGET = 8.0;
				MTL_ENABLE_DEBUG_INFO = YES;
				ONLY_ACTIVE_ARCH = YES;
				SDKROOT = iphoneos;
				SWIFT_OPTIMIZATION_LEVEL = "-Onone";
			};
			name = Debug;
		};
		64C1B76519F5816C00E334F0 /* Release */ = {
			isa = XCBuildConfiguration;
			buildSettings = {
				ALWAYS_SEARCH_USER_PATHS = NO;
				CLANG_CXX_LANGUAGE_STANDARD = "gnu++0x";
				CLANG_CXX_LIBRARY = "libc++";
				CLANG_ENABLE_MODULES = YES;
				CLANG_ENABLE_OBJC_ARC = YES;
				CLANG_WARN_BOOL_CONVERSION = YES;
				CLANG_WARN_CONSTANT_CONVERSION = YES;
				CLANG_WARN_DIRECT_OBJC_ISA_USAGE = YES_ERROR;
				CLANG_WARN_EMPTY_BODY = YES;
				CLANG_WARN_ENUM_CONVERSION = YES;
				CLANG_WARN_INT_CONVERSION = YES;
				CLANG_WARN_OBJC_ROOT_CLASS = YES_ERROR;
				CLANG_WARN_UNREACHABLE_CODE = YES;
				CLANG_WARN__DUPLICATE_METHOD_MATCH = YES;
				"CODE_SIGN_IDENTITY[sdk=iphoneos*]" = "iPhone Developer";
				COPY_PHASE_STRIP = YES;
				ENABLE_NS_ASSERTIONS = NO;
				ENABLE_STRICT_OBJC_MSGSEND = YES;
				GCC_C_LANGUAGE_STANDARD = gnu99;
				GCC_WARN_64_TO_32_BIT_CONVERSION = YES;
				GCC_WARN_ABOUT_RETURN_TYPE = YES_ERROR;
				GCC_WARN_UNDECLARED_SELECTOR = YES;
				GCC_WARN_UNINITIALIZED_AUTOS = YES_AGGRESSIVE;
				GCC_WARN_UNUSED_FUNCTION = YES;
				GCC_WARN_UNUSED_VARIABLE = YES;
				IPHONEOS_DEPLOYMENT_TARGET = 8.0;
				MTL_ENABLE_DEBUG_INFO = NO;
				SDKROOT = iphoneos;
				VALIDATE_PRODUCT = YES;
			};
			name = Release;
		};
		64C1B76719F5816C00E334F0 /* Debug */ = {
			isa = XCBuildConfiguration;
			buildSettings = {
				ASSETCATALOG_COMPILER_APPICON_NAME = AppIcon;
				INFOPLIST_FILE = MyLocations/Info.plist;
				LD_RUNPATH_SEARCH_PATHS = "$(inherited) @executable_path/Frameworks";
				PRODUCT_NAME = "$(TARGET_NAME)";
			};
			name = Debug;
		};
		64C1B76819F5816C00E334F0 /* Release */ = {
			isa = XCBuildConfiguration;
			buildSettings = {
				ASSETCATALOG_COMPILER_APPICON_NAME = AppIcon;
				INFOPLIST_FILE = MyLocations/Info.plist;
				LD_RUNPATH_SEARCH_PATHS = "$(inherited) @executable_path/Frameworks";
				PRODUCT_NAME = "$(TARGET_NAME)";
			};
			name = Release;
		};
		64C1B76A19F5816C00E334F0 /* Debug */ = {
			isa = XCBuildConfiguration;
			buildSettings = {
				BUNDLE_LOADER = "$(TEST_HOST)";
				FRAMEWORK_SEARCH_PATHS = (
					"$(SDKROOT)/Developer/Library/Frameworks",
					"$(inherited)",
				);
				GCC_PREPROCESSOR_DEFINITIONS = (
					"DEBUG=1",
					"$(inherited)",
				);
				INFOPLIST_FILE = MyLocationsTests/Info.plist;
				LD_RUNPATH_SEARCH_PATHS = "$(inherited) @executable_path/Frameworks @loader_path/Frameworks";
				PRODUCT_NAME = "$(TARGET_NAME)";
				TEST_HOST = "$(BUILT_PRODUCTS_DIR)/MyLocations.app/MyLocations";
			};
			name = Debug;
		};
		64C1B76B19F5816C00E334F0 /* Release */ = {
			isa = XCBuildConfiguration;
			buildSettings = {
				BUNDLE_LOADER = "$(TEST_HOST)";
				FRAMEWORK_SEARCH_PATHS = (
					"$(SDKROOT)/Developer/Library/Frameworks",
					"$(inherited)",
				);
				INFOPLIST_FILE = MyLocationsTests/Info.plist;
				LD_RUNPATH_SEARCH_PATHS = "$(inherited) @executable_path/Frameworks @loader_path/Frameworks";
				PRODUCT_NAME = "$(TARGET_NAME)";
				TEST_HOST = "$(BUILT_PRODUCTS_DIR)/MyLocations.app/MyLocations";
			};
			name = Release;
		};
/* End XCBuildConfiguration section */

/* Begin XCConfigurationList section */
		64C1B74019F5816B00E334F0 /* Build configuration list for PBXProject "MyLocations" */ = {
			isa = XCConfigurationList;
			buildConfigurations = (
				64C1B76419F5816C00E334F0 /* Debug */,
				64C1B76519F5816C00E334F0 /* Release */,
			);
			defaultConfigurationIsVisible = 0;
			defaultConfigurationName = Release;
		};
		64C1B76619F5816C00E334F0 /* Build configuration list for PBXNativeTarget "MyLocations" */ = {
			isa = XCConfigurationList;
			buildConfigurations = (
				64C1B76719F5816C00E334F0 /* Debug */,
				64C1B76819F5816C00E334F0 /* Release */,
			);
			defaultConfigurationIsVisible = 0;
			defaultConfigurationName = Release;
		};
		64C1B76919F5816C00E334F0 /* Build configuration list for PBXNativeTarget "MyLocationsTests" */ = {
			isa = XCConfigurationList;
			buildConfigurations = (
				64C1B76A19F5816C00E334F0 /* Debug */,
				64C1B76B19F5816C00E334F0 /* Release */,
			);
			defaultConfigurationIsVisible = 0;
			defaultConfigurationName = Release;
		};
/* End XCConfigurationList section */

/* Begin XCVersionGroup section */
		64CCD7821A016E8A0079CD4E /* DataModel.xcdatamodeld */ = {
			isa = XCVersionGroup;
			children = (
				64CCD7831A016E8A0079CD4E /* DataModel.xcdatamodel */,
			);
			currentVersion = 64CCD7831A016E8A0079CD4E /* DataModel.xcdatamodel */;
			path = DataModel.xcdatamodeld;
			sourceTree = "<group>";
			versionGroupType = wrapper.xcdatamodel;
		};
/* End XCVersionGroup section */
	};
	rootObject = 64C1B73D19F5816B00E334F0 /* Project object */;
}
